
Microsoft Visual Studio Solution File, Format Version 12.00
# Visual Studio Version 17
VisualStudioVersion = 17.1.32421.90
MinimumVisualStudioVersion = 10.0.40219.1
Project("{FAE04EC0-301F-11D3-BF4B-00C04F79EFBC}") = "Fibonacci", "Fibonacci\Fibonacci.csproj", "{D707319E-7260-4142-B7BF-57475F83E4F9}"
EndProject
Global
	GlobalSection(SolutionConfigurationPlatforms) = preSolution
		Debug|Any CPU = Debug|Any CPU
		Release|Any CPU = Release|Any CPU
	EndGlobalSection
	GlobalSection(ProjectConfigurationPlatforms) = postSolution
		{D707319E-7260-4142-B7BF-57475F83E4F9}.Debug|Any CPU.ActiveCfg = Debug|Any CPU
		{D707319E-7260-4142-B7BF-57475F83E4F9}.Debug|Any CPU.Build.0 = Debug|Any CPU
		{D707319E-7260-4142-B7BF-57475F83E4F9}.Release|Any CPU.ActiveCfg = Release|Any CPU
		{D707319E-7260-4142-B7BF-57475F83E4F9}.Release|Any CPU.Build.0 = Release|Any CPU
	EndGlobalSection
	GlobalSection(SolutionProperties) = preSolution
		HideSolutionNode = FALSE
	EndGlobalSection
	GlobalSection(ExtensibilityGlobals) = postSolution
		SolutionGuid = {4E50F81F-EA4F-4056-B897-8F413A961291}
	EndGlobalSection
EndGlobal
